schema_version: 1

px4:
  ref: v1.17.0
  sha: d6f12ad1c4f70ad3230afd7d86e971421e02fef4

px4_msgs:
  path: src/external/px4_msgs
  ref: release/1.17
  sha: 86d8239e962f6939e05c3737784f60c02fa884db

messages:
  VehicleOdometry:
    version: 0
    topic: /fmu/out/vehicle_odometry
  VehicleLocalPosition:
    version: 1
    topic: /fmu/out/vehicle_local_position_v1
  VehicleAttitude:
    version: 0
    topic: /fmu/out/vehicle_attitude
  TimesyncStatus:
    version: 0
    topic: /fmu/out/timesync_status
